
Microsoft Visual Studio Solution File, Format Version 12.00
# Visual Studio Version 17
VisualStudioVersion = 17.9.34622.214
MinimumVisualStudioVersion = 10.0.40219.1
Project("{9A19103F-16F7-4668-BE54-9A1E7A4F7556}") = "BE", "BE.csproj", "{37BE1DFE-AAEA-4CEB-B264-B9BE16A4E5D6}"
	ProjectSection(ProjectDependencies) = postProject
		{2DDCB46A-5A21-4757-82A0-0EBFF4D65741} = {2DDCB46A-5A21-4757-82A0-0EBFF4D65741}
		{ED469247-FB0A-4027-B678-2013672046AB} = {ED469247-FB0A-4027-B678-2013672046AB}
	EndProjectSection
EndProject
Project("{9A19103F-16F7-4668-BE54-9A1E7A4F7556}") = "DataAccessLayerDB", "..\DataAccessLayerDB\DataAccessLayerDB.csproj", "{53003995-4FE4-4D41-A15E-590069336F6F}"
EndProject
Project("{9A19103F-16F7-4668-BE54-9A1E7A4F7556}") = "AuthenticationLayer", "..\AuthenticationLayer\AuthenticationLayer.csproj", "{2DDCB46A-5A21-4757-82A0-0EBFF4D65741}"
EndProject
Project("{9A19103F-16F7-4668-BE54-9A1E7A4F7556}") = "DataMapper", "..\DataMapper\DataMapper.csproj", "{E1424820-5346-401B-B933-92905E78678C}"
	ProjectSection(ProjectDependencies) = postProject
		{021D57CA-AAA3-44BF-B4BE-9FE7AD49F66E} = {021D57CA-AAA3-44BF-B4BE-9FE7AD49F66E}
		{53003995-4FE4-4D41-A15E-590069336F6F} = {53003995-4FE4-4D41-A15E-590069336F6F}
		{6EB9477A-C5F1-4047-9523-224862940B8B} = {6EB9477A-C5F1-4047-9523-224862940B8B}
	EndProjectSection
EndProject
Project("{9A19103F-16F7-4668-BE54-9A1E7A4F7556}") = "DomainModel", "..\DomainModel\DomainModel.csproj", "{7FA5A87A-D4A9-4FAF-B6C8-DE63DD2BAE92}"
EndProject
Project("{9A19103F-16F7-4668-BE54-9A1E7A4F7556}") = "DTOModel", "..\DTOModel\DTOModel.csproj", "{CCA2538D-6F38-4AEA-97BF-B0B523A5619D}"
EndProject
Project("{9A19103F-16F7-4668-BE54-9A1E7A4F7556}") = "Services", "..\Services\Services.csproj", "{ED469247-FB0A-4027-B678-2013672046AB}"
	ProjectSection(ProjectDependencies) = postProject
		{E137692B-DD57-4BA7-8DE4-EBFEB929C181} = {E137692B-DD57-4BA7-8DE4-EBFEB929C181}
		{E1424820-5346-401B-B933-92905E78678C} = {E1424820-5346-401B-B933-92905E78678C}
	EndProjectSection
EndProject
Project("{9A19103F-16F7-4668-BE54-9A1E7A4F7556}") = "TransitionObjectMapper", "..\TransitionObjectMap\TransitionObjectMapper.csproj", "{6EB9477A-C5F1-4047-9523-224862940B8B}"
EndProject
Project("{9A19103F-16F7-4668-BE54-9A1E7A4F7556}") = "EncryptionLayer", "..\EncryptionLayer\EncryptionLayer.csproj", "{021D57CA-AAA3-44BF-B4BE-9FE7AD49F66E}"
EndProject
Project("{9A19103F-16F7-4668-BE54-9A1E7A4F7556}") = "EmailService", "..\EmailService\EmailService.csproj", "{E137692B-DD57-4BA7-8DE4-EBFEB929C181}"
EndProject
Project("{FAE04EC0-301F-11D3-BF4B-00C04F79EFBC}") = "LogginMessages", "..\LogginMessages\LogginMessages.csproj", "{985EC83F-D561-4096-AF7E-1D8A01EFAB39}"
EndProject
Global
	GlobalSection(SolutionConfigurationPlatforms) = preSolution
		Debug|Any CPU = Debug|Any CPU
		Release|Any CPU = Release|Any CPU
	EndGlobalSection
	GlobalSection(ProjectConfigurationPlatforms) = postSolution
		{37BE1DFE-AAEA-4CEB-B264-B9BE16A4E5D6}.Debug|Any CPU.ActiveCfg = Debug|Any CPU
		{37BE1DFE-AAEA-4CEB-B264-B9BE16A4E5D6}.Debug|Any CPU.Build.0 = Debug|Any CPU
		{37BE1DFE-AAEA-4CEB-B264-B9BE16A4E5D6}.Release|Any CPU.ActiveCfg = Release|Any CPU
		{37BE1DFE-AAEA-4CEB-B264-B9BE16A4E5D6}.Release|Any CPU.Build.0 = Release|Any CPU
		{53003995-4FE4-4D41-A15E-590069336F6F}.Debug|Any CPU.ActiveCfg = Debug|Any CPU
		{53003995-4FE4-4D41-A15E-590069336F6F}.Debug|Any CPU.Build.0 = Debug|Any CPU
		{53003995-4FE4-4D41-A15E-590069336F6F}.Release|Any CPU.ActiveCfg = Release|Any CPU
		{53003995-4FE4-4D41-A15E-590069336F6F}.Release|Any CPU.Build.0 = Release|Any CPU
		{2DDCB46A-5A21-4757-82A0-0EBFF4D65741}.Debug|Any CPU.ActiveCfg = Debug|Any CPU
		{2DDCB46A-5A21-4757-82A0-0EBFF4D65741}.Debug|Any CPU.Build.0 = Debug|Any CPU
		{2DDCB46A-5A21-4757-82A0-0EBFF4D65741}.Release|Any CPU.ActiveCfg = Release|Any CPU
		{2DDCB46A-5A21-4757-82A0-0EBFF4D65741}.Release|Any CPU.Build.0 = Release|Any CPU
		{E1424820-5346-401B-B933-92905E78678C}.Debug|Any CPU.ActiveCfg = Debug|Any CPU
		{E1424820-5346-401B-B933-92905E78678C}.Debug|Any CPU.Build.0 = Debug|Any CPU
		{E1424820-5346-401B-B933-92905E78678C}.Release|Any CPU.ActiveCfg = Release|Any CPU
		{E1424820-5346-401B-B933-92905E78678C}.Release|Any CPU.Build.0 = Release|Any CPU
		{7FA5A87A-D4A9-4FAF-B6C8-DE63DD2BAE92}.Debug|Any CPU.ActiveCfg = Debug|Any CPU
		{7FA5A87A-D4A9-4FAF-B6C8-DE63DD2BAE92}.Debug|Any CPU.Build.0 = Debug|Any CPU
		{7FA5A87A-D4A9-4FAF-B6C8-DE63DD2BAE92}.Release|Any CPU.ActiveCfg = Release|Any CPU
		{7FA5A87A-D4A9-4FAF-B6C8-DE63DD2BAE92}.Release|Any CPU.Build.0 = Release|Any CPU
		{CCA2538D-6F38-4AEA-97BF-B0B523A5619D}.Debug|Any CPU.ActiveCfg = Debug|Any CPU
		{CCA2538D-6F38-4AEA-97BF-B0B523A5619D}.Debug|Any CPU.Build.0 = Debug|Any CPU
		{CCA2538D-6F38-4AEA-97BF-B0B523A5619D}.Release|Any CPU.ActiveCfg = Release|Any CPU
		{CCA2538D-6F38-4AEA-97BF-B0B523A5619D}.Release|Any CPU.Build.0 = Release|Any CPU
		{ED469247-FB0A-4027-B678-2013672046AB}.Debug|Any CPU.ActiveCfg = Debug|Any CPU
		{ED469247-FB0A-4027-B678-2013672046AB}.Debug|Any CPU.Build.0 = Debug|Any CPU
		{ED469247-FB0A-4027-B678-2013672046AB}.Release|Any CPU.ActiveCfg = Release|Any CPU
		{ED469247-FB0A-4027-B678-2013672046AB}.Release|Any CPU.Build.0 = Release|Any CPU
		{6EB9477A-C5F1-4047-9523-224862940B8B}.Debug|Any CPU.ActiveCfg = Debug|Any CPU
		{6EB9477A-C5F1-4047-9523-224862940B8B}.Debug|Any CPU.Build.0 = Debug|Any CPU
		{6EB9477A-C5F1-4047-9523-224862940B8B}.Release|Any CPU.ActiveCfg = Release|Any CPU
		{6EB9477A-C5F1-4047-9523-224862940B8B}.Release|Any CPU.Build.0 = Release|Any CPU
		{021D57CA-AAA3-44BF-B4BE-9FE7AD49F66E}.Debug|Any CPU.ActiveCfg = Debug|Any CPU
		{021D57CA-AAA3-44BF-B4BE-9FE7AD49F66E}.Debug|Any CPU.Build.0 = Debug|Any CPU
		{021D57CA-AAA3-44BF-B4BE-9FE7AD49F66E}.Release|Any CPU.ActiveCfg = Release|Any CPU
		{021D57CA-AAA3-44BF-B4BE-9FE7AD49F66E}.Release|Any CPU.Build.0 = Release|Any CPU
		{E137692B-DD57-4BA7-8DE4-EBFEB929C181}.Debug|Any CPU.ActiveCfg = Debug|Any CPU
		{E137692B-DD57-4BA7-8DE4-EBFEB929C181}.Debug|Any CPU.Build.0 = Debug|Any CPU
		{E137692B-DD57-4BA7-8DE4-EBFEB929C181}.Release|Any CPU.ActiveCfg = Release|Any CPU
		{E137692B-DD57-4BA7-8DE4-EBFEB929C181}.Release|Any CPU.Build.0 = Release|Any CPU
		{985EC83F-D561-4096-AF7E-1D8A01EFAB39}.Debug|Any CPU.ActiveCfg = Debug|Any CPU
		{985EC83F-D561-4096-AF7E-1D8A01EFAB39}.Debug|Any CPU.Build.0 = Debug|Any CPU
		{985EC83F-D561-4096-AF7E-1D8A01EFAB39}.Release|Any CPU.ActiveCfg = Release|Any CPU
		{985EC83F-D561-4096-AF7E-1D8A01EFAB39}.Release|Any CPU.Build.0 = Release|Any CPU
	EndGlobalSection
	GlobalSection(SolutionProperties) = preSolution
		HideSolutionNode = FALSE
	EndGlobalSection
	GlobalSection(ExtensibilityGlobals) = postSolution
		SolutionGuid = {15F4E261-AC8C-4666-A592-BF531B77C2FD}
	EndGlobalSection
EndGlobal
